// !$*UTF8*$!
{
	archiveVersion = 1;
	classes = {
	};
	objectVersion = 56;
	objects = {

/* Begin PBXBuildFile section */
		FC06922729FEA56D00F3211B /* CategoryViewController.swift in Sources */ = {isa = PBXBuildFile; fileRef = FC06922629FEA56D00F3211B /* CategoryViewController.swift */; };
		FC06922E29FEB20B00F3211B /* CategoryCollectionViewCell.swift in Sources */ = {isa = PBXBuildFile; fileRef = FC06922C29FEB20B00F3211B /* CategoryCollectionViewCell.swift */; };
		FC06922F29FEB20B00F3211B /* CategoryCollectionViewCell.xib in Resources */ = {isa = PBXBuildFile; fileRef = FC06922D29FEB20B00F3211B /* CategoryCollectionViewCell.xib */; };
		FC3417B82A07CFD700148520 /* Assets.xcassets in Resources */ = {isa = PBXBuildFile; fileRef = FC3417B72A07CFD700148520 /* Assets.xcassets */; };
		FCB1D71E2A02DA4300ACC3DF /* AlertButton.swift in Sources */ = {isa = PBXBuildFile; fileRef = FCB1D71D2A02DA4300ACC3DF /* AlertButton.swift */; };
		FCB7FEDD2A02E2CC0034D214 /* AlertView.xib in Resources */ = {isa = PBXBuildFile; fileRef = FCB7FEDC2A02E2CC0034D214 /* AlertView.xib */; };
		FCB7FEDF2A02E43D0034D214 /* AlertView.swift in Sources */ = {isa = PBXBuildFile; fileRef = FCB7FEDE2A02E43D0034D214 /* AlertView.swift */; };
		FCB7FEE12A02E65C0034D214 /* Nib.swift in Sources */ = {isa = PBXBuildFile; fileRef = FCB7FEE02A02E65C0034D214 /* Nib.swift */; };
		FCC42B7E2A0017D30052BCEC /* ItemTableViewController.swift in Sources */ = {isa = PBXBuildFile; fileRef = FCC42B7D2A0017D30052BCEC /* ItemTableViewController.swift */; };
		FCEAA41C2A0E627A00735747 /* TutorialViewController.swift in Sources */ = {isa = PBXBuildFile; fileRef = FCEAA41B2A0E627A00735747 /* TutorialViewController.swift */; };
		FCEAA41F2A0E65A300735747 /* TutorialModel.swift in Sources */ = {isa = PBXBuildFile; fileRef = FCEAA41E2A0E65A300735747 /* TutorialModel.swift */; };
		FCEAA4212A0EB35400735747 /* TutorialCollectionViewCell.swift in Sources */ = {isa = PBXBuildFile; fileRef = FCEAA4202A0EB35400735747 /* TutorialCollectionViewCell.swift */; };
		FCF4FA8029FAA56600B61F20 /* AppDelegate.swift in Sources */ = {isa = PBXBuildFile; fileRef = FCF4FA7F29FAA56600B61F20 /* AppDelegate.swift */; };
		FCF4FA8229FAA56600B61F20 /* SceneDelegate.swift in Sources */ = {isa = PBXBuildFile; fileRef = FCF4FA8129FAA56600B61F20 /* SceneDelegate.swift */; };
		FCF4FA8729FAA56600B61F20 /* Main.storyboard in Resources */ = {isa = PBXBuildFile; fileRef = FCF4FA8529FAA56600B61F20 /* Main.storyboard */; };
		FCF4FA8A29FAA56600B61F20 /* DataModel.xcdatamodeld in Sources */ = {isa = PBXBuildFile; fileRef = FCF4FA8829FAA56600B61F20 /* DataModel.xcdatamodeld */; };
		FCF4FA8F29FAA56800B61F20 /* LaunchScreen.storyboard in Resources */ = {isa = PBXBuildFile; fileRef = FCF4FA8D29FAA56800B61F20 /* LaunchScreen.storyboard */; };
/* End PBXBuildFile section */

/* Begin PBXFileReference section */
		FC06922629FEA56D00F3211B /* CategoryViewController.swift */ = {isa = PBXFileReference; lastKnownFileType = sourcecode.swift; path = CategoryViewController.swift; sourceTree = "<group>"; };
		FC06922C29FEB20B00F3211B /* CategoryCollectionViewCell.swift */ = {isa = PBXFileReference; lastKnownFileType = sourcecode.swift; path = CategoryCollectionViewCell.swift; sourceTree = "<group>"; };
		FC06922D29FEB20B00F3211B /* CategoryCollectionViewCell.xib */ = {isa = PBXFileReference; lastKnownFileType = file.xib; path = CategoryCollectionViewCell.xib; sourceTree = "<group>"; };
		FC3417B72A07CFD700148520 /* Assets.xcassets */ = {isa = PBXFileReference; lastKnownFileType = folder.assetcatalog; path = Assets.xcassets; sourceTree = "<group>"; };
		FCB1D71D2A02DA4300ACC3DF /* AlertButton.swift */ = {isa = PBXFileReference; lastKnownFileType = sourcecode.swift; path = AlertButton.swift; sourceTree = "<group>"; };
		FCB7FEDC2A02E2CC0034D214 /* AlertView.xib */ = {isa = PBXFileReference; lastKnownFileType = file.xib; path = AlertView.xib; sourceTree = "<group>"; };
		FCB7FEDE2A02E43D0034D214 /* AlertView.swift */ = {isa = PBXFileReference; lastKnownFileType = sourcecode.swift; path = AlertView.swift; sourceTree = "<group>"; };
		FCB7FEE02A02E65C0034D214 /* Nib.swift */ = {isa = PBXFileReference; lastKnownFileType = sourcecode.swift; path = Nib.swift; sourceTree = "<group>"; };
		FCC42B7D2A0017D30052BCEC /* ItemTableViewController.swift */ = {isa = PBXFileReference; lastKnownFileType = sourcecode.swift; path = ItemTableViewController.swift; sourceTree = "<group>"; };
		FCEAA41B2A0E627A00735747 /* TutorialViewController.swift */ = {isa = PBXFileReference; lastKnownFileType = sourcecode.swift; path = TutorialViewController.swift; sourceTree = "<group>"; };
		FCEAA41E2A0E65A300735747 /* TutorialModel.swift */ = {isa = PBXFileReference; lastKnownFileType = sourcecode.swift; path = TutorialModel.swift; sourceTree = "<group>"; };
		FCEAA4202A0EB35400735747 /* TutorialCollectionViewCell.swift */ = {isa = PBXFileReference; lastKnownFileType = sourcecode.swift; path = TutorialCollectionViewCell.swift; sourceTree = "<group>"; };
		FCF4FA7C29FAA56600B61F20 /* ToDoApp.app */ = {isa = PBXFileReference; explicitFileType = wrapper.application; includeInIndex = 0; path = ToDoApp.app; sourceTree = BUILT_PRODUCTS_DIR; };
		FCF4FA7F29FAA56600B61F20 /* AppDelegate.swift */ = {isa = PBXFileReference; lastKnownFileType = sourcecode.swift; path = AppDelegate.swift; sourceTree = "<group>"; };
		FCF4FA8129FAA56600B61F20 /* SceneDelegate.swift */ = {isa = PBXFileReference; lastKnownFileType = sourcecode.swift; path = SceneDelegate.swift; sourceTree = "<group>"; };
		FCF4FA8629FAA56600B61F20 /* Base */ = {isa = PBXFileReference; lastKnownFileType = file.storyboard; name = Base; path = Base.lproj/Main.storyboard; sourceTree = "<group>"; };
		FCF4FA8929FAA56600B61F20 /* ToDoApp.xcdatamodel */ = {isa = PBXFileReference; lastKnownFileType = wrapper.xcdatamodel; path = ToDoApp.xcdatamodel; sourceTree = "<group>"; };
		FCF4FA8E29FAA56800B61F20 /* Base */ = {isa = PBXFileReference; lastKnownFileType = file.storyboard; name = Base; path = Base.lproj/LaunchScreen.storyboard; sourceTree = "<group>"; };
		FCF4FA9029FAA56800B61F20 /* Info.plist */ = {isa = PBXFileReference; lastKnownFileType = text.plist.xml; path = Info.plist; sourceTree = "<group>"; };
/* End PBXFileReference section */

/* Begin PBXFrameworksBuildPhase section */
		FCF4FA7929FAA56600B61F20 /* Frameworks */ = {
			isa = PBXFrameworksBuildPhase;
			buildActionMask = 2147483647;
			files = (
			);
			runOnlyForDeploymentPostprocessing = 0;
		};
/* End PBXFrameworksBuildPhase section */

/* Begin PBXGroup section */
		FC06923429FEDC6A00F3211B /* CategoryCollectionViewCell */ = {
			isa = PBXGroup;
			children = (
				FC06922C29FEB20B00F3211B /* CategoryCollectionViewCell.swift */,
				FC06922D29FEB20B00F3211B /* CategoryCollectionViewCell.xib */,
			);
			path = CategoryCollectionViewCell;
			sourceTree = "<group>";
		};
		FCB1D71C2A02DA1E00ACC3DF /* CustomAlert */ = {
			isa = PBXGroup;
			children = (
				FCB1D71D2A02DA4300ACC3DF /* AlertButton.swift */,
				FCB7FEDE2A02E43D0034D214 /* AlertView.swift */,
				FCB7FEE02A02E65C0034D214 /* Nib.swift */,
			);
			path = CustomAlert;
			sourceTree = "<group>";
		};
		FCC42B7C2A0017A00052BCEC /* ItemViewController */ = {
			isa = PBXGroup;
			children = (
				FCC42B7D2A0017D30052BCEC /* ItemTableViewController.swift */,
			);
			path = ItemViewController;
			sourceTree = "<group>";
		};
		FCEAA41A2A0E624000735747 /* TutorialScreen */ = {
			isa = PBXGroup;
			children = (
				FCEAA41B2A0E627A00735747 /* TutorialViewController.swift */,
				FCEAA4202A0EB35400735747 /* TutorialCollectionViewCell.swift */,
			);
			path = TutorialScreen;
			sourceTree = "<group>";
		};
		FCEAA41D2A0E657B00735747 /* Model */ = {
			isa = PBXGroup;
			children = (
				FCEAA41E2A0E65A300735747 /* TutorialModel.swift */,
			);
			path = Model;
			sourceTree = "<group>";
		};
		FCF4FA7329FAA56600B61F20 = {
			isa = PBXGroup;
			children = (
				FCF4FA7E29FAA56600B61F20 /* ToDoApp */,
				FCF4FA7D29FAA56600B61F20 /* Products */,
			);
			sourceTree = "<group>";
		};
		FCF4FA7D29FAA56600B61F20 /* Products */ = {
			isa = PBXGroup;
			children = (
				FCF4FA7C29FAA56600B61F20 /* ToDoApp.app */,
			);
			name = Products;
			sourceTree = "<group>";
		};
		FCF4FA7E29FAA56600B61F20 /* ToDoApp */ = {
			isa = PBXGroup;
			children = (
				FCEAA41D2A0E657B00735747 /* Model */,
				FCEAA41A2A0E624000735747 /* TutorialScreen */,
				FCB1D71C2A02DA1E00ACC3DF /* CustomAlert */,
				FCC42B7C2A0017A00052BCEC /* ItemViewController */,
				FC06923429FEDC6A00F3211B /* CategoryCollectionViewCell */,
				FCF4FA9929FAA7F400B61F20 /* CategoryViewControllers */,
				FCF4FA7F29FAA56600B61F20 /* AppDelegate.swift */,
				FCF4FA8129FAA56600B61F20 /* SceneDelegate.swift */,
				FCF4FA9729FAA79900B61F20 /* Views */,
				FCF4FA9629FAA76700B61F20 /* Data Model */,
				FCF4FA9829FAA7B000B61F20 /* Supporting Fields */,
				FCF4FA9029FAA56800B61F20 /* Info.plist */,
			);
			path = ToDoApp;
			sourceTree = "<group>";
		};
		FCF4FA9629FAA76700B61F20 /* Data Model */ = {
			isa = PBXGroup;
			children = (
				FCF4FA8829FAA56600B61F20 /* DataModel.xcdatamodeld */,
			);
			path = "Data Model";
			sourceTree = "<group>";
		};
		FCF4FA9729FAA79900B61F20 /* Views */ = {
			isa = PBXGroup;
			children = (
				FCF4FA8529FAA56600B61F20 /* Main.storyboard */,
				FCB7FEDC2A02E2CC0034D214 /* AlertView.xib */,
			);
			path = Views;
			sourceTree = "<group>";
		};
		FCF4FA9829FAA7B000B61F20 /* Supporting Fields */ = {
			isa = PBXGroup;
			children = (
				FC3417B72A07CFD700148520 /* Assets.xcassets */,
				FCF4FA8D29FAA56800B61F20 /* LaunchScreen.storyboard */,
			);
			path = "Supporting Fields";
			sourceTree = "<group>";
		};
		FCF4FA9929FAA7F400B61F20 /* CategoryViewControllers */ = {
			isa = PBXGroup;
			children = (
				FC06922629FEA56D00F3211B /* CategoryViewController.swift */,
			);
			path = CategoryViewControllers;
			sourceTree = "<group>";
		};
/* End PBXGroup section */

/* Begin PBXNativeTarget section */
		FCF4FA7B29FAA56600B61F20 /* ToDoApp */ = {
			isa = PBXNativeTarget;
			buildConfigurationList = FCF4FA9329FAA56800B61F20 /* Build configuration list for PBXNativeTarget "ToDoApp" */;
			buildPhases = (
				FCF4FA7829FAA56600B61F20 /* Sources */,
				FCF4FA7929FAA56600B61F20 /* Frameworks */,
				FCF4FA7A29FAA56600B61F20 /* Resources */,
			);
			buildRules = (
			);
			dependencies = (
			);
			name = ToDoApp;
			productName = ToDoApp;
			productReference = FCF4FA7C29FAA56600B61F20 /* ToDoApp.app */;
			productType = "com.apple.product-type.application";
		};
/* End PBXNativeTarget section */

/* Begin PBXProject section */
		FCF4FA7429FAA56600B61F20 /* Project object */ = {
			isa = PBXProject;
			attributes = {
				BuildIndependentTargetsInParallel = 1;
				LastSwiftUpdateCheck = 1410;
				LastUpgradeCheck = 1410;
				TargetAttributes = {
					FCF4FA7B29FAA56600B61F20 = {
						CreatedOnToolsVersion = 14.1;
					};
				};
			};
			buildConfigurationList = FCF4FA7729FAA56600B61F20 /* Build configuration list for PBXProject "ToDoApp" */;
			compatibilityVersion = "Xcode 14.0";
			developmentRegion = en;
			hasScannedForEncodings = 0;
			knownRegions = (
				en,
				Base,
			);
			mainGroup = FCF4FA7329FAA56600B61F20;
			productRefGroup = FCF4FA7D29FAA56600B61F20 /* Products */;
			projectDirPath = "";
			projectRoot = "";
			targets = (
				FCF4FA7B29FAA56600B61F20 /* ToDoApp */,
			);
		};
/* End PBXProject section */

/* Begin PBXResourcesBuildPhase section */
		FCF4FA7A29FAA56600B61F20 /* Resources */ = {
			isa = PBXResourcesBuildPhase;
			buildActionMask = 2147483647;
			files = (
				FC06922F29FEB20B00F3211B /* CategoryCollectionViewCell.xib in Resources */,
				FCF4FA8F29FAA56800B61F20 /* LaunchScreen.storyboard in Resources */,
				FCB7FEDD2A02E2CC0034D214 /* AlertView.xib in Resources */,
				FCF4FA8729FAA56600B61F20 /* Main.storyboard in Resources */,
				FC3417B82A07CFD700148520 /* Assets.xcassets in Resources */,
			);
			runOnlyForDeploymentPostprocessing = 0;
		};
/* End PBXResourcesBuildPhase section */

/* Begin PBXSourcesBuildPhase section */
		FCF4FA7829FAA56600B61F20 /* Sources */ = {
			isa = PBXSourcesBuildPhase;
			buildActionMask = 2147483647;
			files = (
				FCEAA4212A0EB35400735747 /* TutorialCollectionViewCell.swift in Sources */,
				FC06922729FEA56D00F3211B /* CategoryViewController.swift in Sources */,
				FCF4FA8029FAA56600B61F20 /* AppDelegate.swift in Sources */,
				FCEAA41C2A0E627A00735747 /* TutorialViewController.swift in Sources */,
				FCEAA41F2A0E65A300735747 /* TutorialModel.swift in Sources */,
				FCB1D71E2A02DA4300ACC3DF /* AlertButton.swift in Sources */,
				FCF4FA8229FAA56600B61F20 /* SceneDelegate.swift in Sources */,
				FC06922E29FEB20B00F3211B /* CategoryCollectionViewCell.swift in Sources */,
				FCB7FEDF2A02E43D0034D214 /* AlertView.swift in Sources */,
				FCC42B7E2A0017D30052BCEC /* ItemTableViewController.swift in Sources */,
				FCB7FEE12A02E65C0034D214 /* Nib.swift in Sources */,
				FCF4FA8A29FAA56600B61F20 /* DataModel.xcdatamodeld in Sources */,
			);
			runOnlyForDeploymentPostprocessing = 0;
		};
/* End PBXSourcesBuildPhase section */

/* Begin PBXVariantGroup section */
		FCF4FA8529FAA56600B61F20 /* Main.storyboard */ = {
			isa = PBXVariantGroup;
			children = (
				FCF4FA8629FAA56600B61F20 /* Base */,
			);
			name = Main.storyboard;
			sourceTree = "<group>";
		};
		FCF4FA8D29FAA56800B61F20 /* LaunchScreen.storyboard */ = {
			isa = PBXVariantGroup;
			children = (
				FCF4FA8E29FAA56800B61F20 /* Base */,
			);
			name = LaunchScreen.storyboard;
			sourceTree = "<group>";
		};
/* End PBXVariantGroup section */

/* Begin XCBuildConfiguration section */
		FCF4FA9129FAA56800B61F20 /* Debug */ = {
			isa = XCBuildConfiguration;
			buildSettings = {
				ALWAYS_SEARCH_USER_PATHS = NO;
				CLANG_ANALYZER_NONNULL = YES;
				CLANG_ANALYZER_NUMBER_OBJECT_CONVERSION = YES_AGGRESSIVE;
				CLANG_CXX_LANGUAGE_STANDARD = "gnu++20";
				CLANG_ENABLE_MODULES = YES;
				CLANG_ENABLE_OBJC_ARC = YES;
				CLANG_ENABLE_OBJC_WEAK = YES;
				CLANG_WARN_BLOCK_CAPTURE_AUTORELEASING = YES;
				CLANG_WARN_BOOL_CONVERSION = YES;
				CLANG_WARN_COMMA = YES;
				CLANG_WARN_CONSTANT_CONVERSION = YES;
				CLANG_WARN_DEPRECATED_OBJC_IMPLEMENTATIONS = YES;
				CLANG_WARN_DIRECT_OBJC_ISA_USAGE = YES_ERROR;
				CLANG_WARN_DOCUMENTATION_COMMENTS = YES;
				CLANG_WARN_EMPTY_BODY = YES;
				CLANG_WARN_ENUM_CONVERSION = YES;
				CLANG_WARN_INFINITE_RECURSION = YES;
				CLANG_WARN_INT_CONVERSION = YES;
				CLANG_WARN_NON_LITERAL_NULL_CONVERSION = YES;
				CLANG_WARN_OBJC_IMPLICIT_RETAIN_SELF = YES;
				CLANG_WARN_OBJC_LITERAL_CONVERSION = YES;
				CLANG_WARN_OBJC_ROOT_CLASS = YES_ERROR;
				CLANG_WARN_QUOTED_INCLUDE_IN_FRAMEWORK_HEADER = YES;
				CLANG_WARN_RANGE_LOOP_ANALYSIS = YES;
				CLANG_WARN_STRICT_PROTOTYPES = YES;
				CLANG_WARN_SUSPICIOUS_MOVE = YES;
				CLANG_WARN_UNGUARDED_AVAILABILITY = YES_AGGRESSIVE;
				CLANG_WARN_UNREACHABLE_CODE = YES;
				CLANG_WARN__DUPLICATE_METHOD_MATCH = YES;
				COPY_PHASE_STRIP = NO;
				DEBUG_INFORMATION_FORMAT = dwarf;
				ENABLE_STRICT_OBJC_MSGSEND = YES;
				ENABLE_TESTABILITY = YES;
				GCC_C_LANGUAGE_STANDARD = gnu11;
				GCC_DYNAMIC_NO_PIC = NO;
				GCC_NO_COMMON_BLOCKS = YES;
				GCC_OPTIMIZATION_LEVEL = 0;
				GCC_PREPROCESSOR_DEFINITIONS = (
					"DEBUG=1",
					"$(inherited)",
				);
				GCC_WARN_64_TO_32_BIT_CONVERSION = YES;
				GCC_WARN_ABOUT_RETURN_TYPE = YES_ERROR;
				GCC_WARN_UNDECLARED_SELECTOR = YES;
				GCC_WARN_UNINITIALIZED_AUTOS = YES_AGGRESSIVE;
				GCC_WARN_UNUSED_FUNCTION = YES;
				GCC_WARN_UNUSED_VARIABLE = YES;
				IPHONEOS_DEPLOYMENT_TARGET = 16.1;
				MTL_ENABLE_DEBUG_INFO = INCLUDE_SOURCE;
				MTL_FAST_MATH = YES;
				ONLY_ACTIVE_ARCH = YES;
				SDKROOT = iphoneos;
				SWIFT_ACTIVE_COMPILATION_CONDITIONS = DEBUG;
				SWIFT_OPTIMIZATION_LEVEL = "-Onone";
			};
			name = Debug;
		};
		FCF4FA9229FAA56800B61F20 /* Release */ = {
			isa = XCBuildConfiguration;
			buildSettings = {
				ALWAYS_SEARCH_USER_PATHS = NO;
				CLANG_ANALYZER_NONNULL = YES;
				CLANG_ANALYZER_NUMBER_OBJECT_CONVERSION = YES_AGGRESSIVE;
				CLANG_CXX_LANGUAGE_STANDARD = "gnu++20";
				CLANG_ENABLE_MODULES = YES;
				CLANG_ENABLE_OBJC_ARC = YES;
				CLANG_ENABLE_OBJC_WEAK = YES;
				CLANG_WARN_BLOCK_CAPTURE_AUTORELEASING = YES;
				CLANG_WARN_BOOL_CONVERSION = YES;
				CLANG_WARN_COMMA = YES;
				CLANG_WARN_CONSTANT_CONVERSION = YES;
				CLANG_WARN_DEPRECATED_OBJC_IMPLEMENTATIONS = YES;
				CLANG_WARN_DIRECT_OBJC_ISA_USAGE = YES_ERROR;
				CLANG_WARN_DOCUMENTATION_COMMENTS = YES;
				CLANG_WARN_EMPTY_BODY = YES;
				CLANG_WARN_ENUM_CONVERSION = YES;
				CLANG_WARN_INFINITE_RECURSION = YES;
				CLANG_WARN_INT_CONVERSION = YES;
				CLANG_WARN_NON_LITERAL_NULL_CONVERSION = YES;
				CLANG_WARN_OBJC_IMPLICIT_RETAIN_SELF = YES;
				CLANG_WARN_OBJC_LITERAL_CONVERSION = YES;
				CLANG_WARN_OBJC_ROOT_CLASS = YES_ERROR;
				CLANG_WARN_QUOTED_INCLUDE_IN_FRAMEWORK_HEADER = YES;
				CLANG_WARN_RANGE_LOOP_ANALYSIS = YES;
				CLANG_WARN_STRICT_PROTOTYPES = YES;
				CLANG_WARN_SUSPICIOUS_MOVE = YES;
				CLANG_WARN_UNGUARDED_AVAILABILITY = YES_AGGRESSIVE;
				CLANG_WARN_UNREACHABLE_CODE = YES;
				CLANG_WARN__DUPLICATE_METHOD_MATCH = YES;
				COPY_PHASE_STRIP = NO;
				DEBUG_INFORMATION_FORMAT = "dwarf-with-dsym";
				ENABLE_NS_ASSERTIONS = NO;
				ENABLE_STRICT_OBJC_MSGSEND = YES;
				GCC_C_LANGUAGE_STANDARD = gnu11;
				GCC_NO_COMMON_BLOCKS = YES;
				GCC_WARN_64_TO_32_BIT_CONVERSION = YES;
				GCC_WARN_ABOUT_RETURN_TYPE = YES_ERROR;
				GCC_WARN_UNDECLARED_SELECTOR = YES;
				GCC_WARN_UNINITIALIZED_AUTOS = YES_AGGRESSIVE;
				GCC_WARN_UNUSED_FUNCTION = YES;
				GCC_WARN_UNUSED_VARIABLE = YES;
				IPHONEOS_DEPLOYMENT_TARGET = 16.1;
				MTL_ENABLE_DEBUG_INFO = NO;
				MTL_FAST_MATH = YES;
				SDKROOT = iphoneos;
				SWIFT_COMPILATION_MODE = wholemodule;
				SWIFT_OPTIMIZATION_LEVEL = "-O";
				VALIDATE_PRODUCT = YES;
			};
			name = Release;
		};
		FCF4FA9429FAA56800B61F20 /* Debug */ = {
			isa = XCBuildConfiguration;
			buildSettings = {
				ASSETCATALOG_COMPILER_APPICON_NAME = AppIcon;
				ASSETCATALOG_COMPILER_GLOBAL_ACCENT_COLOR_NAME = AccentColor;
				CODE_SIGN_STYLE = Automatic;
				CURRENT_PROJECT_VERSION = 1;
				DEVELOPMENT_TEAM = UYW8HNCU5F;
				GENERATE_INFOPLIST_FILE = YES;
				INFOPLIST_FILE = ToDoApp/Info.plist;
				INFOPLIST_KEY_UIApplicationSupportsIndirectInputEvents = YES;
				INFOPLIST_KEY_UILaunchStoryboardName = LaunchScreen;
				INFOPLIST_KEY_UIMainStoryboardFile = Main;
				INFOPLIST_KEY_UISupportedInterfaceOrientations_iPad = "UIInterfaceOrientationPortrait UIInterfaceOrientationPortraitUpsideDown UIInterfaceOrientationLandscapeLeft UIInterfaceOrientationLandscapeRight";
				INFOPLIST_KEY_UISupportedInterfaceOrientations_iPhone = "UIInterfaceOrientationPortrait UIInterfaceOrientationLandscapeLeft UIInterfaceOrientationLandscapeRight";
				LD_RUNPATH_SEARCH_PATHS = (
					"$(inherited)",
					"@executable_path/Frameworks",
				);
				MARKETING_VERSION = 1.0;
				PRODUCT_BUNDLE_IDENTIFIER = app.vakhtang.ToDoApp;
				PRODUCT_NAME = "$(TARGET_NAME)";
				SWIFT_EMIT_LOC_STRINGS = YES;
				SWIFT_VERSION = 5.0;
				TARGETED_DEVICE_FAMILY = "1,2";
			};
			name = Debug;
		};
		FCF4FA9529FAA56800B61F20 /* Release */ = {
			isa = XCBuildConfiguration;
			buildSettings = {
				ASSETCATALOG_COMPILER_APPICON_NAME = AppIcon;
				ASSETCATALOG_COMPILER_GLOBAL_ACCENT_COLOR_NAME = AccentColor;
				CODE_SIGN_STYLE = Automatic;
				CURRENT_PROJECT_VERSION = 1;
				DEVELOPMENT_TEAM = UYW8HNCU5F;
				GENERATE_INFOPLIST_FILE = YES;
				INFOPLIST_FILE = ToDoApp/Info.plist;
				INFOPLIST_KEY_UIApplicationSupportsIndirectInputEvents = YES;
				INFOPLIST_KEY_UILaunchStoryboardName = LaunchScreen;
				INFOPLIST_KEY_UIMainStoryboardFile = Main;
				INFOPLIST_KEY_UISupportedInterfaceOrientations_iPad = "UIInterfaceOrientationPortrait UIInterfaceOrientationPortraitUpsideDown UIInterfaceOrientationLandscapeLeft UIInterfaceOrientationLandscapeRight";
				INFOPLIST_KEY_UISupportedInterfaceOrientations_iPhone = "UIInterfaceOrientationPortrait UIInterfaceOrientationLandscapeLeft UIInterfaceOrientationLandscapeRight";
				LD_RUNPATH_SEARCH_PATHS = (
					"$(inherited)",
					"@executable_path/Frameworks",
				);
				MARKETING_VERSION = 1.0;
				PRODUCT_BUNDLE_IDENTIFIER = app.vakhtang.ToDoApp;
				PRODUCT_NAME = "$(TARGET_NAME)";
				SWIFT_EMIT_LOC_STRINGS = YES;
				SWIFT_VERSION = 5.0;
				TARGETED_DEVICE_FAMILY = "1,2";
			};
			name = Release;
		};
/* End XCBuildConfiguration section */

/* Begin XCConfigurationList section */
		FCF4FA7729FAA56600B61F20 /* Build configuration list for PBXProject "ToDoApp" */ = {
			isa = XCConfigurationList;
			buildConfigurations = (
				FCF4FA9129FAA56800B61F20 /* Debug */,
				FCF4FA9229FAA56800B61F20 /* Release */,
			);
			defaultConfigurationIsVisible = 0;
			defaultConfigurationName = Release;
		};
		FCF4FA9329FAA56800B61F20 /* Build configuration list for PBXNativeTarget "ToDoApp" */ = {
			isa = XCConfigurationList;
			buildConfigurations = (
				FCF4FA9429FAA56800B61F20 /* Debug */,
				FCF4FA9529FAA56800B61F20 /* Release */,
			);
			defaultConfigurationIsVisible = 0;
			defaultConfigurationName = Release;
		};
/* End XCConfigurationList section */

/* Begin XCVersionGroup section */
		FCF4FA8829FAA56600B61F20 /* DataModel.xcdatamodeld */ = {
			isa = XCVersionGroup;
			children = (
				FCF4FA8929FAA56600B61F20 /* ToDoApp.xcdatamodel */,
			);
			currentVersion = FCF4FA8929FAA56600B61F20 /* ToDoApp.xcdatamodel */;
			path = DataModel.xcdatamodeld;
			sourceTree = "<group>";
			versionGroupType = wrapper.xcdatamodel;
		};
/* End XCVersionGroup section */
	};
	rootObject = FCF4FA7429FAA56600B61F20 /* Project object */;
}
